<?xml version="1.0" encoding="utf-8"?>
<Project ToolsVersion="4.0" xmlns="http://schemas.microsoft.com/developer/msbuild/2003">
  <ItemGroup>
    <ClInclude Include="..\include\Components.hpp" />
    <ClInclude Include="..\include\CWaggle.h" />
    <ClInclude Include="..\include\Entity.hpp" />
    <ClInclude Include="..\include\EntityAction.hpp" />
    <ClInclude Include="..\include\EntityControllers.hpp" />
    <ClInclude Include="..\include\EntityManager.hpp" />
    <ClInclude Include="..\include\EntityMemoryPool.hpp" />
    <ClInclude Include="..\include\ExampleGrids.hpp" />
    <ClInclude Include="..\include\ExampleWorlds.hpp" />
    <ClInclude Include="..\include\GUI.hpp" />
    <ClInclude Include="..\include\Sensors.hpp" />
    <ClInclude Include="..\include\SensorTools.hpp" />
    <ClInclude Include="..\include\Simulator.hpp" />
    <ClInclude Include="..\include\Timer.hpp" />
    <ClInclude Include="..\include\ValueGrid.hpp" />
    <ClInclude Include="..\include\Vec2.hpp" />
    <ClInclude Include="..\include\World.hpp" />
  </ItemGroup>
</Project>